
Microsoft Visual Studio Solution File, Format Version 12.00
# Visual Studio 2013
VisualStudioVersion = 12.0.40629.0
MinimumVisualStudioVersion = 10.0.40219.1
Project("{FAE04EC0-301F-11D3-BF4B-00C04F79EFBC}") = "Agile.MessageHubs", "Agile.MessageHubs\Agile.MessageHubs.csproj", "{B24A0992-0EEC-4E2D-A171-79EE308516BC}"
EndProject
Project("{FAE04EC0-301F-11D3-BF4B-00C04F79EFBC}") = "Agile.MessageHubs.Aws", "Agile.MessageHubs.Aws\Agile.MessageHubs.Aws.csproj", "{AA4EC515-ABE4-407A-B267-9571606E5701}"
EndProject
Project("{FAE04EC0-301F-11D3-BF4B-00C04F79EFBC}") = "Agile.MessageHub.Cmd", "Agile.MessageHub.Console\Agile.MessageHub.Cmd.csproj", "{ECA86516-ECEA-4EB5-BDEB-19F1FBF488D5}"
EndProject
Global
	GlobalSection(SolutionConfigurationPlatforms) = preSolution
		Debug|Any CPU = Debug|Any CPU
		Release|Any CPU = Release|Any CPU
	EndGlobalSection
	GlobalSection(ProjectConfigurationPlatforms) = postSolution
		{B24A0992-0EEC-4E2D-A171-79EE308516BC}.Debug|Any CPU.ActiveCfg = Debug|Any CPU
		{B24A0992-0EEC-4E2D-A171-79EE308516BC}.Debug|Any CPU.Build.0 = Debug|Any CPU
		{B24A0992-0EEC-4E2D-A171-79EE308516BC}.Release|Any CPU.ActiveCfg = Release|Any CPU
		{B24A0992-0EEC-4E2D-A171-79EE308516BC}.Release|Any CPU.Build.0 = Release|Any CPU
		{AA4EC515-ABE4-407A-B267-9571606E5701}.Debug|Any CPU.ActiveCfg = Debug|Any CPU
		{AA4EC515-ABE4-407A-B267-9571606E5701}.Debug|Any CPU.Build.0 = Debug|Any CPU
		{AA4EC515-ABE4-407A-B267-9571606E5701}.Release|Any CPU.ActiveCfg = Release|Any CPU
		{AA4EC515-ABE4-407A-B267-9571606E5701}.Release|Any CPU.Build.0 = Release|Any CPU
		{ECA86516-ECEA-4EB5-BDEB-19F1FBF488D5}.Debug|Any CPU.ActiveCfg = Debug|Any CPU
		{ECA86516-ECEA-4EB5-BDEB-19F1FBF488D5}.Debug|Any CPU.Build.0 = Debug|Any CPU
		{ECA86516-ECEA-4EB5-BDEB-19F1FBF488D5}.Release|Any CPU.ActiveCfg = Release|Any CPU
		{ECA86516-ECEA-4EB5-BDEB-19F1FBF488D5}.Release|Any CPU.Build.0 = Release|Any CPU
	EndGlobalSection
	GlobalSection(SolutionProperties) = preSolution
		HideSolutionNode = FALSE
	EndGlobalSection
EndGlobal
